
Microsoft Visual Studio Solution File, Format Version 12.00
# Visual Studio Version 17
VisualStudioVersion = 17.14.36414.22
MinimumVisualStudioVersion = 10.0.40219.1
Project("{FAE04EC0-301F-11D3-BF4B-00C04F79EFBC}") = "Bai1", "Bai1\Bai1.csproj", "{CE890FF5-A8C9-406C-AD5B-E7AE179ADB94}"
EndProject
Project("{FAE04EC0-301F-11D3-BF4B-00C04F79EFBC}") = "Bai2", "Bai2\Bai2.csproj", "{6D67C6B6-3CCB-4283-BBA7-6CA8610DCBA6}"
EndProject
Project("{FAE04EC0-301F-11D3-BF4B-00C04F79EFBC}") = "Bai3", "Bai3\Bai3.csproj", "{0360C35F-78B4-4568-BF98-E057A2098B04}"
EndProject
Project("{FAE04EC0-301F-11D3-BF4B-00C04F79EFBC}") = "Bai4", "Bai4\Bai4.csproj", "{901A09C8-E5F2-4C97-857B-AAA3CD7B5A3D}"
EndProject
Project("{FAE04EC0-301F-11D3-BF4B-00C04F79EFBC}") = "Bai5", "Bai5\Bai5.csproj", "{1478E341-DD90-4A3D-A2DC-B3366BDF7172}"
EndProject
Project("{FAE04EC0-301F-11D3-BF4B-00C04F79EFBC}") = "Bai6", "Bai6\Bai6.csproj", "{3FDBDE24-D28F-4AD5-BCED-281DA7FE1A28}"
EndProject
Project("{FAE04EC0-301F-11D3-BF4B-00C04F79EFBC}") = "Bai7", "Bai7\Bai7.csproj", "{BBF5432D-C1FC-44E3-B514-76F07D55FD61}"
EndProject
Project("{FAE04EC0-301F-11D3-BF4B-00C04F79EFBC}") = "Bai8", "Bai8\Bai8.csproj", "{67D29B89-C34C-43F5-87D8-212C7C165A58}"
EndProject
Global
	GlobalSection(SolutionConfigurationPlatforms) = preSolution
		Debug|Any CPU = Debug|Any CPU
		Release|Any CPU = Release|Any CPU
	EndGlobalSection
	GlobalSection(ProjectConfigurationPlatforms) = postSolution
		{CE890FF5-A8C9-406C-AD5B-E7AE179ADB94}.Debug|Any CPU.ActiveCfg = Debug|Any CPU
		{CE890FF5-A8C9-406C-AD5B-E7AE179ADB94}.Debug|Any CPU.Build.0 = Debug|Any CPU
		{CE890FF5-A8C9-406C-AD5B-E7AE179ADB94}.Release|Any CPU.ActiveCfg = Release|Any CPU
		{CE890FF5-A8C9-406C-AD5B-E7AE179ADB94}.Release|Any CPU.Build.0 = Release|Any CPU
		{6D67C6B6-3CCB-4283-BBA7-6CA8610DCBA6}.Debug|Any CPU.ActiveCfg = Debug|Any CPU
		{6D67C6B6-3CCB-4283-BBA7-6CA8610DCBA6}.Debug|Any CPU.Build.0 = Debug|Any CPU
		{6D67C6B6-3CCB-4283-BBA7-6CA8610DCBA6}.Release|Any CPU.ActiveCfg = Release|Any CPU
		{6D67C6B6-3CCB-4283-BBA7-6CA8610DCBA6}.Release|Any CPU.Build.0 = Release|Any CPU
		{0360C35F-78B4-4568-BF98-E057A2098B04}.Debug|Any CPU.ActiveCfg = Debug|Any CPU
		{0360C35F-78B4-4568-BF98-E057A2098B04}.Debug|Any CPU.Build.0 = Debug|Any CPU
		{0360C35F-78B4-4568-BF98-E057A2098B04}.Release|Any CPU.ActiveCfg = Release|Any CPU
		{0360C35F-78B4-4568-BF98-E057A2098B04}.Release|Any CPU.Build.0 = Release|Any CPU
		{901A09C8-E5F2-4C97-857B-AAA3CD7B5A3D}.Debug|Any CPU.ActiveCfg = Debug|Any CPU
		{901A09C8-E5F2-4C97-857B-AAA3CD7B5A3D}.Debug|Any CPU.Build.0 = Debug|Any CPU
		{901A09C8-E5F2-4C97-857B-AAA3CD7B5A3D}.Release|Any CPU.ActiveCfg = Release|Any CPU
		{901A09C8-E5F2-4C97-857B-AAA3CD7B5A3D}.Release|Any CPU.Build.0 = Release|Any CPU
		{1478E341-DD90-4A3D-A2DC-B3366BDF7172}.Debug|Any CPU.ActiveCfg = Debug|Any CPU
		{1478E341-DD90-4A3D-A2DC-B3366BDF7172}.Debug|Any CPU.Build.0 = Debug|Any CPU
		{1478E341-DD90-4A3D-A2DC-B3366BDF7172}.Release|Any CPU.ActiveCfg = Release|Any CPU
		{1478E341-DD90-4A3D-A2DC-B3366BDF7172}.Release|Any CPU.Build.0 = Release|Any CPU
		{3FDBDE24-D28F-4AD5-BCED-281DA7FE1A28}.Debug|Any CPU.ActiveCfg = Debug|Any CPU
		{3FDBDE24-D28F-4AD5-BCED-281DA7FE1A28}.Debug|Any CPU.Build.0 = Debug|Any CPU
		{3FDBDE24-D28F-4AD5-BCED-281DA7FE1A28}.Release|Any CPU.ActiveCfg = Release|Any CPU
		{3FDBDE24-D28F-4AD5-BCED-281DA7FE1A28}.Release|Any CPU.Build.0 = Release|Any CPU
		{BBF5432D-C1FC-44E3-B514-76F07D55FD61}.Debug|Any CPU.ActiveCfg = Debug|Any CPU
		{BBF5432D-C1FC-44E3-B514-76F07D55FD61}.Debug|Any CPU.Build.0 = Debug|Any CPU
		{BBF5432D-C1FC-44E3-B514-76F07D55FD61}.Release|Any CPU.ActiveCfg = Release|Any CPU
		{BBF5432D-C1FC-44E3-B514-76F07D55FD61}.Release|Any CPU.Build.0 = Release|Any CPU
		{67D29B89-C34C-43F5-87D8-212C7C165A58}.Debug|Any CPU.ActiveCfg = Debug|Any CPU
		{67D29B89-C34C-43F5-87D8-212C7C165A58}.Debug|Any CPU.Build.0 = Debug|Any CPU
		{67D29B89-C34C-43F5-87D8-212C7C165A58}.Release|Any CPU.ActiveCfg = Release|Any CPU
		{67D29B89-C34C-43F5-87D8-212C7C165A58}.Release|Any CPU.Build.0 = Release|Any CPU
	EndGlobalSection
	GlobalSection(SolutionProperties) = preSolution
		HideSolutionNode = FALSE
	EndGlobalSection
	GlobalSection(ExtensibilityGlobals) = postSolution
		SolutionGuid = {E43903D5-8B70-489D-8043-F313F2BF26E1}
	EndGlobalSection
EndGlobal
