
Microsoft Visual Studio Solution File, Format Version 12.00
# Visual Studio Version 17
VisualStudioVersion = 17.14.36414.22 d17.14
MinimumVisualStudioVersion = 10.0.40219.1
Project("{FAE04EC0-301F-11D3-BF4B-00C04F79EFBC}") = "Bai1", "Bai1\Bai1.csproj", "{7075C84A-B117-4E31-84BD-6AA61672B5E3}"
EndProject
Project("{FAE04EC0-301F-11D3-BF4B-00C04F79EFBC}") = "Bai2", "Bai2\Bai2.csproj", "{88681B5B-FDF5-4739-B03F-786919C85731}"
EndProject
Project("{FAE04EC0-301F-11D3-BF4B-00C04F79EFBC}") = "Bai3", "Bai3\Bai3.csproj", "{CB6B85A2-41BB-4873-A68E-FEA37F608CE0}"
EndProject
Project("{FAE04EC0-301F-11D3-BF4B-00C04F79EFBC}") = "Bai4", "Bai4\Bai4.csproj", "{374A1AA4-6D5B-48AB-AE71-2B5A0222A2D5}"
EndProject
Project("{FAE04EC0-301F-11D3-BF4B-00C04F79EFBC}") = "Bai5", "Bai5\Bai5.csproj", "{D5D2EA39-86C0-4DF3-96F9-B90F232E04FA}"
EndProject
Project("{FAE04EC0-301F-11D3-BF4B-00C04F79EFBC}") = "Bai6", "Bai6\Bai6.csproj", "{AC6D0442-828A-45BE-9190-7B129482889C}"
EndProject
Project("{FAE04EC0-301F-11D3-BF4B-00C04F79EFBC}") = "Bai7", "Bai7\Bai7.csproj", "{7803B286-8054-47A7-B543-AF0BF026317C}"
EndProject
Project("{FAE04EC0-301F-11D3-BF4B-00C04F79EFBC}") = "Bai8", "Bai8\Bai8.csproj", "{12CC1A34-0FB5-4127-AC70-3F9BE278C243}"
EndProject
Project("{2150E333-8FDC-42A3-9474-1A3956D46DE8}") = "BuoiTH1", "BuoiTH1", "{02EA681E-C7D8-13C7-8484-4AC65E1B71E8}"
EndProject
Global
	GlobalSection(SolutionConfigurationPlatforms) = preSolution
		Debug|Any CPU = Debug|Any CPU
		Release|Any CPU = Release|Any CPU
	EndGlobalSection
	GlobalSection(ProjectConfigurationPlatforms) = postSolution
		{7075C84A-B117-4E31-84BD-6AA61672B5E3}.Debug|Any CPU.ActiveCfg = Debug|Any CPU
		{7075C84A-B117-4E31-84BD-6AA61672B5E3}.Debug|Any CPU.Build.0 = Debug|Any CPU
		{7075C84A-B117-4E31-84BD-6AA61672B5E3}.Release|Any CPU.ActiveCfg = Release|Any CPU
		{7075C84A-B117-4E31-84BD-6AA61672B5E3}.Release|Any CPU.Build.0 = Release|Any CPU
		{88681B5B-FDF5-4739-B03F-786919C85731}.Debug|Any CPU.ActiveCfg = Debug|Any CPU
		{88681B5B-FDF5-4739-B03F-786919C85731}.Debug|Any CPU.Build.0 = Debug|Any CPU
		{88681B5B-FDF5-4739-B03F-786919C85731}.Release|Any CPU.ActiveCfg = Release|Any CPU
		{88681B5B-FDF5-4739-B03F-786919C85731}.Release|Any CPU.Build.0 = Release|Any CPU
		{CB6B85A2-41BB-4873-A68E-FEA37F608CE0}.Debug|Any CPU.ActiveCfg = Debug|Any CPU
		{CB6B85A2-41BB-4873-A68E-FEA37F608CE0}.Debug|Any CPU.Build.0 = Debug|Any CPU
		{CB6B85A2-41BB-4873-A68E-FEA37F608CE0}.Release|Any CPU.ActiveCfg = Release|Any CPU
		{CB6B85A2-41BB-4873-A68E-FEA37F608CE0}.Release|Any CPU.Build.0 = Release|Any CPU
		{374A1AA4-6D5B-48AB-AE71-2B5A0222A2D5}.Debug|Any CPU.ActiveCfg = Debug|Any CPU
		{374A1AA4-6D5B-48AB-AE71-2B5A0222A2D5}.Debug|Any CPU.Build.0 = Debug|Any CPU
		{374A1AA4-6D5B-48AB-AE71-2B5A0222A2D5}.Release|Any CPU.ActiveCfg = Release|Any CPU
		{374A1AA4-6D5B-48AB-AE71-2B5A0222A2D5}.Release|Any CPU.Build.0 = Release|Any CPU
		{D5D2EA39-86C0-4DF3-96F9-B90F232E04FA}.Debug|Any CPU.ActiveCfg = Debug|Any CPU
		{D5D2EA39-86C0-4DF3-96F9-B90F232E04FA}.Debug|Any CPU.Build.0 = Debug|Any CPU
		{D5D2EA39-86C0-4DF3-96F9-B90F232E04FA}.Release|Any CPU.ActiveCfg = Release|Any CPU
		{D5D2EA39-86C0-4DF3-96F9-B90F232E04FA}.Release|Any CPU.Build.0 = Release|Any CPU
		{AC6D0442-828A-45BE-9190-7B129482889C}.Debug|Any CPU.ActiveCfg = Debug|Any CPU
		{AC6D0442-828A-45BE-9190-7B129482889C}.Debug|Any CPU.Build.0 = Debug|Any CPU
		{AC6D0442-828A-45BE-9190-7B129482889C}.Release|Any CPU.ActiveCfg = Release|Any CPU
		{AC6D0442-828A-45BE-9190-7B129482889C}.Release|Any CPU.Build.0 = Release|Any CPU
		{7803B286-8054-47A7-B543-AF0BF026317C}.Debug|Any CPU.ActiveCfg = Debug|Any CPU
		{7803B286-8054-47A7-B543-AF0BF026317C}.Debug|Any CPU.Build.0 = Debug|Any CPU
		{7803B286-8054-47A7-B543-AF0BF026317C}.Release|Any CPU.ActiveCfg = Release|Any CPU
		{7803B286-8054-47A7-B543-AF0BF026317C}.Release|Any CPU.Build.0 = Release|Any CPU
		{12CC1A34-0FB5-4127-AC70-3F9BE278C243}.Debug|Any CPU.ActiveCfg = Debug|Any CPU
		{12CC1A34-0FB5-4127-AC70-3F9BE278C243}.Debug|Any CPU.Build.0 = Debug|Any CPU
		{12CC1A34-0FB5-4127-AC70-3F9BE278C243}.Release|Any CPU.ActiveCfg = Release|Any CPU
		{12CC1A34-0FB5-4127-AC70-3F9BE278C243}.Release|Any CPU.Build.0 = Release|Any CPU
	EndGlobalSection
	GlobalSection(SolutionProperties) = preSolution
		HideSolutionNode = FALSE
	EndGlobalSection
	GlobalSection(NestedProjects) = preSolution
		{7075C84A-B117-4E31-84BD-6AA61672B5E3} = {02EA681E-C7D8-13C7-8484-4AC65E1B71E8}
		{88681B5B-FDF5-4739-B03F-786919C85731} = {02EA681E-C7D8-13C7-8484-4AC65E1B71E8}
		{CB6B85A2-41BB-4873-A68E-FEA37F608CE0} = {02EA681E-C7D8-13C7-8484-4AC65E1B71E8}
		{374A1AA4-6D5B-48AB-AE71-2B5A0222A2D5} = {02EA681E-C7D8-13C7-8484-4AC65E1B71E8}
		{D5D2EA39-86C0-4DF3-96F9-B90F232E04FA} = {02EA681E-C7D8-13C7-8484-4AC65E1B71E8}
		{AC6D0442-828A-45BE-9190-7B129482889C} = {02EA681E-C7D8-13C7-8484-4AC65E1B71E8}
		{7803B286-8054-47A7-B543-AF0BF026317C} = {02EA681E-C7D8-13C7-8484-4AC65E1B71E8}
		{12CC1A34-0FB5-4127-AC70-3F9BE278C243} = {02EA681E-C7D8-13C7-8484-4AC65E1B71E8}
	EndGlobalSection
	GlobalSection(ExtensibilityGlobals) = postSolution
		SolutionGuid = {16D0994E-76DE-4CC9-A998-4FCF996CAE22}
	EndGlobalSection
EndGlobal
