
Microsoft Visual Studio Solution File, Format Version 12.00
# Visual Studio Version 17
VisualStudioVersion = 17.14.36414.22 d17.14
MinimumVisualStudioVersion = 10.0.40219.1
Project("{FAE04EC0-301F-11D3-BF4B-00C04F79EFBC}") = "Bai3.1", "Bai3.1\Bai3.1.csproj", "{0D6FCA3E-1CFC-42FC-8CD1-0FB294D98E54}"
EndProject
Project("{FAE04EC0-301F-11D3-BF4B-00C04F79EFBC}") = "Bai3.2", "Bai3.2\Bai3.2.csproj", "{F3F395BA-A654-49E0-B874-C9D481F8E27E}"
EndProject
Project("{FAE04EC0-301F-11D3-BF4B-00C04F79EFBC}") = "Bai3.3", "Bai3.3\Bai3.3.csproj", "{9354B111-909C-43E4-962E-2D9989EB5DA3}"
EndProject
Project("{FAE04EC0-301F-11D3-BF4B-00C04F79EFBC}") = "BAi3.4", "BAi3.4\BAi3.4.csproj", "{09FB3AA3-73CD-474E-A7DA-6A65A1A24A0A}"
EndProject
Global
	GlobalSection(SolutionConfigurationPlatforms) = preSolution
		Debug|Any CPU = Debug|Any CPU
		Release|Any CPU = Release|Any CPU
	EndGlobalSection
	GlobalSection(ProjectConfigurationPlatforms) = postSolution
		{0D6FCA3E-1CFC-42FC-8CD1-0FB294D98E54}.Debug|Any CPU.ActiveCfg = Debug|Any CPU
		{0D6FCA3E-1CFC-42FC-8CD1-0FB294D98E54}.Debug|Any CPU.Build.0 = Debug|Any CPU
		{0D6FCA3E-1CFC-42FC-8CD1-0FB294D98E54}.Release|Any CPU.ActiveCfg = Release|Any CPU
		{0D6FCA3E-1CFC-42FC-8CD1-0FB294D98E54}.Release|Any CPU.Build.0 = Release|Any CPU
		{F3F395BA-A654-49E0-B874-C9D481F8E27E}.Debug|Any CPU.ActiveCfg = Debug|Any CPU
		{F3F395BA-A654-49E0-B874-C9D481F8E27E}.Debug|Any CPU.Build.0 = Debug|Any CPU
		{F3F395BA-A654-49E0-B874-C9D481F8E27E}.Release|Any CPU.ActiveCfg = Release|Any CPU
		{F3F395BA-A654-49E0-B874-C9D481F8E27E}.Release|Any CPU.Build.0 = Release|Any CPU
		{9354B111-909C-43E4-962E-2D9989EB5DA3}.Debug|Any CPU.ActiveCfg = Debug|Any CPU
		{9354B111-909C-43E4-962E-2D9989EB5DA3}.Debug|Any CPU.Build.0 = Debug|Any CPU
		{9354B111-909C-43E4-962E-2D9989EB5DA3}.Release|Any CPU.ActiveCfg = Release|Any CPU
		{9354B111-909C-43E4-962E-2D9989EB5DA3}.Release|Any CPU.Build.0 = Release|Any CPU
		{09FB3AA3-73CD-474E-A7DA-6A65A1A24A0A}.Debug|Any CPU.ActiveCfg = Debug|Any CPU
		{09FB3AA3-73CD-474E-A7DA-6A65A1A24A0A}.Debug|Any CPU.Build.0 = Debug|Any CPU
		{09FB3AA3-73CD-474E-A7DA-6A65A1A24A0A}.Release|Any CPU.ActiveCfg = Release|Any CPU
		{09FB3AA3-73CD-474E-A7DA-6A65A1A24A0A}.Release|Any CPU.Build.0 = Release|Any CPU
	EndGlobalSection
	GlobalSection(SolutionProperties) = preSolution
		HideSolutionNode = FALSE
	EndGlobalSection
	GlobalSection(ExtensibilityGlobals) = postSolution
		SolutionGuid = {EA44BE16-0E52-4918-8EC9-BB73F5F763FD}
	EndGlobalSection
EndGlobal
