
Microsoft Visual Studio Solution File, Format Version 12.00
# Visual Studio Version 17
VisualStudioVersion = 17.10.35027.167
MinimumVisualStudioVersion = 10.0.40219.1
Project("{FAE04EC0-301F-11D3-BF4B-00C04F79EFBC}") = "Bai2.1", "Bai2.1\Bai2.1.csproj", "{949A37E6-5BD8-4D06-BC44-23B569BF81FC}"
EndProject
Project("{FAE04EC0-301F-11D3-BF4B-00C04F79EFBC}") = "Bai2.2", "Bai2.2\Bai2.2.csproj", "{11F6C4C9-3B31-41B7-8C47-A6B208571637}"
EndProject
Project("{FAE04EC0-301F-11D3-BF4B-00C04F79EFBC}") = "Bai2.3", "Bai2.3\Bai2.3.csproj", "{E00F0AE6-5620-4439-84EE-334F047A5E6E}"
EndProject
Project("{FAE04EC0-301F-11D3-BF4B-00C04F79EFBC}") = "Bai2.4", "Bai2.4\Bai2.4.csproj", "{2762FBF8-4C0E-4ADD-8AC5-656583E1A837}"
EndProject
Project("{FAE04EC0-301F-11D3-BF4B-00C04F79EFBC}") = "Bai2.5", "Bai2.5\Bai2.5.csproj", "{95038FE1-F295-4F26-991C-45E2D71DB66B}"
EndProject
Project("{FAE04EC0-301F-11D3-BF4B-00C04F79EFBC}") = "Bai2.6", "Bai2.6\Bai2.6.csproj", "{F6AA3AD2-9C2F-4724-91E6-F23A580E6679}"
EndProject
Project("{FAE04EC0-301F-11D3-BF4B-00C04F79EFBC}") = "Bai2.7", "Bai2.7\Bai2.7.csproj", "{A0761C96-BCF7-4A2B-A2E5-7FF9B70F13A5}"
EndProject
Project("{FAE04EC0-301F-11D3-BF4B-00C04F79EFBC}") = "Bai2.8", "Bai2.8\Bai2.8.csproj", "{A0F89E32-7BE0-4F5D-A521-E46BB37406B5}"
EndProject
Project("{FAE04EC0-301F-11D3-BF4B-00C04F79EFBC}") = "Bai2.9", "Bai2.9\Bai2.9.csproj", "{37DDA0FC-F842-4210-8973-1723A30BC6AD}"
EndProject
Project("{FAE04EC0-301F-11D3-BF4B-00C04F79EFBC}") = "Bai2.10", "Bai2.10\Bai2.10.csproj", "{8EDD74D1-0137-41E2-984A-6578BE04E688}"
EndProject
Project("{2150E333-8FDC-42A3-9474-1A3956D46DE8}") = "BAI2", "BAI2", "{795F0FC6-C28B-4845-972F-10F16CD44639}"
EndProject
Project("{2150E333-8FDC-42A3-9474-1A3956D46DE8}") = "BAI3", "BAI3", "{F5CE6493-D090-4D9B-8BE3-137FDF7C7255}"
EndProject
Project("{FAE04EC0-301F-11D3-BF4B-00C04F79EFBC}") = "Bai3.1", "Bai3.1\Bai3.1.csproj", "{E82608F5-9527-47B3-9816-84B6D9C551F6}"
EndProject
Project("{FAE04EC0-301F-11D3-BF4B-00C04F79EFBC}") = "Bai3.2", "Bai3.2\Bai3.2.csproj", "{C50DE615-3D7F-4424-BAA8-5FE2BF1478A3}"
EndProject
Project("{FAE04EC0-301F-11D3-BF4B-00C04F79EFBC}") = "Bai3.3", "Bai3.3\Bai3.3.csproj", "{591999E8-475A-451E-9344-C4D143B7A4DA}"
EndProject
Project("{FAE04EC0-301F-11D3-BF4B-00C04F79EFBC}") = "Bai3.4", "Bai3.4\Bai3.4.csproj", "{28BEFE42-6DBE-4642-9A68-92A639DD9F8F}"
EndProject
Project("{2150E333-8FDC-42A3-9474-1A3956D46DE8}") = "BAI4", "BAI4", "{02EA681E-C7D8-13C7-8484-4AC65E1B71E8}"
EndProject
Project("{FAE04EC0-301F-11D3-BF4B-00C04F79EFBC}") = "Bai4.1", "Bai4.1\Bai4.1.csproj", "{02B724F4-4F46-43D9-A7FB-ECEB31A52352}"
EndProject
Project("{FAE04EC0-301F-11D3-BF4B-00C04F79EFBC}") = "Bai4.2", "Bai4.2\Bai4.2.csproj", "{2D4390EE-C7C2-426F-9860-D6882C08C8FE}"
EndProject
Project("{FAE04EC0-301F-11D3-BF4B-00C04F79EFBC}") = "Bai4.3", "Bai4.3\Bai4.3.csproj", "{F553C2E2-E49D-41EF-8C4A-DC9EB99F221B}"
EndProject
Project("{FAE04EC0-301F-11D3-BF4B-00C04F79EFBC}") = "Bai4.4", "Bai4.4\Bai4.4.csproj", "{034A60EC-2086-4309-9B64-D90AA764C694}"
EndProject
Project("{FAE04EC0-301F-11D3-BF4B-00C04F79EFBC}") = "Bai4.5", "Bai4.5\Bai4.5.csproj", "{2FF559B4-CAD3-4571-ABC4-91CBDC32619D}"
EndProject
Project("{FAE04EC0-301F-11D3-BF4B-00C04F79EFBC}") = "Bai4.6", "Bai4.6\Bai4.6.csproj", "{9D9B09A4-FB10-4615-AAD3-ABEFC86513E5}"
EndProject
Project("{FAE04EC0-301F-11D3-BF4B-00C04F79EFBC}") = "Bai4.7", "Bai4.7\Bai4.7.csproj", "{10AB4CDA-3E8E-4DC4-8879-9657E596F97C}"
EndProject
Project("{2150E333-8FDC-42A3-9474-1A3956D46DE8}") = "BUOITH2", "BUOITH2", "{03B201B9-7BDF-489C-9862-95EF94E1049C}"
EndProject
Global
	GlobalSection(SolutionConfigurationPlatforms) = preSolution
		Debug|Any CPU = Debug|Any CPU
		Release|Any CPU = Release|Any CPU
	EndGlobalSection
	GlobalSection(ProjectConfigurationPlatforms) = postSolution
		{949A37E6-5BD8-4D06-BC44-23B569BF81FC}.Debug|Any CPU.ActiveCfg = Debug|Any CPU
		{949A37E6-5BD8-4D06-BC44-23B569BF81FC}.Debug|Any CPU.Build.0 = Debug|Any CPU
		{949A37E6-5BD8-4D06-BC44-23B569BF81FC}.Release|Any CPU.ActiveCfg = Release|Any CPU
		{949A37E6-5BD8-4D06-BC44-23B569BF81FC}.Release|Any CPU.Build.0 = Release|Any CPU
		{11F6C4C9-3B31-41B7-8C47-A6B208571637}.Debug|Any CPU.ActiveCfg = Debug|Any CPU
		{11F6C4C9-3B31-41B7-8C47-A6B208571637}.Debug|Any CPU.Build.0 = Debug|Any CPU
		{11F6C4C9-3B31-41B7-8C47-A6B208571637}.Release|Any CPU.ActiveCfg = Release|Any CPU
		{11F6C4C9-3B31-41B7-8C47-A6B208571637}.Release|Any CPU.Build.0 = Release|Any CPU
		{E00F0AE6-5620-4439-84EE-334F047A5E6E}.Debug|Any CPU.ActiveCfg = Debug|Any CPU
		{E00F0AE6-5620-4439-84EE-334F047A5E6E}.Debug|Any CPU.Build.0 = Debug|Any CPU
		{E00F0AE6-5620-4439-84EE-334F047A5E6E}.Release|Any CPU.ActiveCfg = Release|Any CPU
		{E00F0AE6-5620-4439-84EE-334F047A5E6E}.Release|Any CPU.Build.0 = Release|Any CPU
		{2762FBF8-4C0E-4ADD-8AC5-656583E1A837}.Debug|Any CPU.ActiveCfg = Debug|Any CPU
		{2762FBF8-4C0E-4ADD-8AC5-656583E1A837}.Debug|Any CPU.Build.0 = Debug|Any CPU
		{2762FBF8-4C0E-4ADD-8AC5-656583E1A837}.Release|Any CPU.ActiveCfg = Release|Any CPU
		{2762FBF8-4C0E-4ADD-8AC5-656583E1A837}.Release|Any CPU.Build.0 = Release|Any CPU
		{95038FE1-F295-4F26-991C-45E2D71DB66B}.Debug|Any CPU.ActiveCfg = Debug|Any CPU
		{95038FE1-F295-4F26-991C-45E2D71DB66B}.Debug|Any CPU.Build.0 = Debug|Any CPU
		{95038FE1-F295-4F26-991C-45E2D71DB66B}.Release|Any CPU.ActiveCfg = Release|Any CPU
		{95038FE1-F295-4F26-991C-45E2D71DB66B}.Release|Any CPU.Build.0 = Release|Any CPU
		{F6AA3AD2-9C2F-4724-91E6-F23A580E6679}.Debug|Any CPU.ActiveCfg = Debug|Any CPU
		{F6AA3AD2-9C2F-4724-91E6-F23A580E6679}.Debug|Any CPU.Build.0 = Debug|Any CPU
		{F6AA3AD2-9C2F-4724-91E6-F23A580E6679}.Release|Any CPU.ActiveCfg = Release|Any CPU
		{F6AA3AD2-9C2F-4724-91E6-F23A580E6679}.Release|Any CPU.Build.0 = Release|Any CPU
		{A0761C96-BCF7-4A2B-A2E5-7FF9B70F13A5}.Debug|Any CPU.ActiveCfg = Debug|Any CPU
		{A0761C96-BCF7-4A2B-A2E5-7FF9B70F13A5}.Debug|Any CPU.Build.0 = Debug|Any CPU
		{A0761C96-BCF7-4A2B-A2E5-7FF9B70F13A5}.Release|Any CPU.ActiveCfg = Release|Any CPU
		{A0761C96-BCF7-4A2B-A2E5-7FF9B70F13A5}.Release|Any CPU.Build.0 = Release|Any CPU
		{A0F89E32-7BE0-4F5D-A521-E46BB37406B5}.Debug|Any CPU.ActiveCfg = Debug|Any CPU
		{A0F89E32-7BE0-4F5D-A521-E46BB37406B5}.Debug|Any CPU.Build.0 = Debug|Any CPU
		{A0F89E32-7BE0-4F5D-A521-E46BB37406B5}.Release|Any CPU.ActiveCfg = Release|Any CPU
		{A0F89E32-7BE0-4F5D-A521-E46BB37406B5}.Release|Any CPU.Build.0 = Release|Any CPU
		{37DDA0FC-F842-4210-8973-1723A30BC6AD}.Debug|Any CPU.ActiveCfg = Debug|Any CPU
		{37DDA0FC-F842-4210-8973-1723A30BC6AD}.Debug|Any CPU.Build.0 = Debug|Any CPU
		{37DDA0FC-F842-4210-8973-1723A30BC6AD}.Release|Any CPU.ActiveCfg = Release|Any CPU
		{37DDA0FC-F842-4210-8973-1723A30BC6AD}.Release|Any CPU.Build.0 = Release|Any CPU
		{8EDD74D1-0137-41E2-984A-6578BE04E688}.Debug|Any CPU.ActiveCfg = Debug|Any CPU
		{8EDD74D1-0137-41E2-984A-6578BE04E688}.Debug|Any CPU.Build.0 = Debug|Any CPU
		{8EDD74D1-0137-41E2-984A-6578BE04E688}.Release|Any CPU.ActiveCfg = Release|Any CPU
		{8EDD74D1-0137-41E2-984A-6578BE04E688}.Release|Any CPU.Build.0 = Release|Any CPU
		{E82608F5-9527-47B3-9816-84B6D9C551F6}.Debug|Any CPU.ActiveCfg = Debug|Any CPU
		{E82608F5-9527-47B3-9816-84B6D9C551F6}.Debug|Any CPU.Build.0 = Debug|Any CPU
		{E82608F5-9527-47B3-9816-84B6D9C551F6}.Release|Any CPU.ActiveCfg = Release|Any CPU
		{E82608F5-9527-47B3-9816-84B6D9C551F6}.Release|Any CPU.Build.0 = Release|Any CPU
		{C50DE615-3D7F-4424-BAA8-5FE2BF1478A3}.Debug|Any CPU.ActiveCfg = Debug|Any CPU
		{C50DE615-3D7F-4424-BAA8-5FE2BF1478A3}.Debug|Any CPU.Build.0 = Debug|Any CPU
		{C50DE615-3D7F-4424-BAA8-5FE2BF1478A3}.Release|Any CPU.ActiveCfg = Release|Any CPU
		{C50DE615-3D7F-4424-BAA8-5FE2BF1478A3}.Release|Any CPU.Build.0 = Release|Any CPU
		{591999E8-475A-451E-9344-C4D143B7A4DA}.Debug|Any CPU.ActiveCfg = Debug|Any CPU
		{591999E8-475A-451E-9344-C4D143B7A4DA}.Debug|Any CPU.Build.0 = Debug|Any CPU
		{591999E8-475A-451E-9344-C4D143B7A4DA}.Release|Any CPU.ActiveCfg = Release|Any CPU
		{591999E8-475A-451E-9344-C4D143B7A4DA}.Release|Any CPU.Build.0 = Release|Any CPU
		{28BEFE42-6DBE-4642-9A68-92A639DD9F8F}.Debug|Any CPU.ActiveCfg = Debug|Any CPU
		{28BEFE42-6DBE-4642-9A68-92A639DD9F8F}.Debug|Any CPU.Build.0 = Debug|Any CPU
		{28BEFE42-6DBE-4642-9A68-92A639DD9F8F}.Release|Any CPU.ActiveCfg = Release|Any CPU
		{28BEFE42-6DBE-4642-9A68-92A639DD9F8F}.Release|Any CPU.Build.0 = Release|Any CPU
		{02B724F4-4F46-43D9-A7FB-ECEB31A52352}.Debug|Any CPU.ActiveCfg = Debug|Any CPU
		{02B724F4-4F46-43D9-A7FB-ECEB31A52352}.Debug|Any CPU.Build.0 = Debug|Any CPU
		{02B724F4-4F46-43D9-A7FB-ECEB31A52352}.Release|Any CPU.ActiveCfg = Release|Any CPU
		{02B724F4-4F46-43D9-A7FB-ECEB31A52352}.Release|Any CPU.Build.0 = Release|Any CPU
		{2D4390EE-C7C2-426F-9860-D6882C08C8FE}.Debug|Any CPU.ActiveCfg = Debug|Any CPU
		{2D4390EE-C7C2-426F-9860-D6882C08C8FE}.Debug|Any CPU.Build.0 = Debug|Any CPU
		{2D4390EE-C7C2-426F-9860-D6882C08C8FE}.Release|Any CPU.ActiveCfg = Release|Any CPU
		{2D4390EE-C7C2-426F-9860-D6882C08C8FE}.Release|Any CPU.Build.0 = Release|Any CPU
		{F553C2E2-E49D-41EF-8C4A-DC9EB99F221B}.Debug|Any CPU.ActiveCfg = Debug|Any CPU
		{F553C2E2-E49D-41EF-8C4A-DC9EB99F221B}.Debug|Any CPU.Build.0 = Debug|Any CPU
		{F553C2E2-E49D-41EF-8C4A-DC9EB99F221B}.Release|Any CPU.ActiveCfg = Release|Any CPU
		{F553C2E2-E49D-41EF-8C4A-DC9EB99F221B}.Release|Any CPU.Build.0 = Release|Any CPU
		{034A60EC-2086-4309-9B64-D90AA764C694}.Debug|Any CPU.ActiveCfg = Debug|Any CPU
		{034A60EC-2086-4309-9B64-D90AA764C694}.Debug|Any CPU.Build.0 = Debug|Any CPU
		{034A60EC-2086-4309-9B64-D90AA764C694}.Release|Any CPU.ActiveCfg = Release|Any CPU
		{034A60EC-2086-4309-9B64-D90AA764C694}.Release|Any CPU.Build.0 = Release|Any CPU
		{2FF559B4-CAD3-4571-ABC4-91CBDC32619D}.Debug|Any CPU.ActiveCfg = Debug|Any CPU
		{2FF559B4-CAD3-4571-ABC4-91CBDC32619D}.Debug|Any CPU.Build.0 = Debug|Any CPU
		{2FF559B4-CAD3-4571-ABC4-91CBDC32619D}.Release|Any CPU.ActiveCfg = Release|Any CPU
		{2FF559B4-CAD3-4571-ABC4-91CBDC32619D}.Release|Any CPU.Build.0 = Release|Any CPU
		{9D9B09A4-FB10-4615-AAD3-ABEFC86513E5}.Debug|Any CPU.ActiveCfg = Debug|Any CPU
		{9D9B09A4-FB10-4615-AAD3-ABEFC86513E5}.Debug|Any CPU.Build.0 = Debug|Any CPU
		{9D9B09A4-FB10-4615-AAD3-ABEFC86513E5}.Release|Any CPU.ActiveCfg = Release|Any CPU
		{9D9B09A4-FB10-4615-AAD3-ABEFC86513E5}.Release|Any CPU.Build.0 = Release|Any CPU
		{10AB4CDA-3E8E-4DC4-8879-9657E596F97C}.Debug|Any CPU.ActiveCfg = Debug|Any CPU
		{10AB4CDA-3E8E-4DC4-8879-9657E596F97C}.Debug|Any CPU.Build.0 = Debug|Any CPU
		{10AB4CDA-3E8E-4DC4-8879-9657E596F97C}.Release|Any CPU.ActiveCfg = Release|Any CPU
		{10AB4CDA-3E8E-4DC4-8879-9657E596F97C}.Release|Any CPU.Build.0 = Release|Any CPU
	EndGlobalSection
	GlobalSection(SolutionProperties) = preSolution
		HideSolutionNode = FALSE
	EndGlobalSection
	GlobalSection(NestedProjects) = preSolution
		{949A37E6-5BD8-4D06-BC44-23B569BF81FC} = {795F0FC6-C28B-4845-972F-10F16CD44639}
		{11F6C4C9-3B31-41B7-8C47-A6B208571637} = {795F0FC6-C28B-4845-972F-10F16CD44639}
		{E00F0AE6-5620-4439-84EE-334F047A5E6E} = {795F0FC6-C28B-4845-972F-10F16CD44639}
		{2762FBF8-4C0E-4ADD-8AC5-656583E1A837} = {795F0FC6-C28B-4845-972F-10F16CD44639}
		{95038FE1-F295-4F26-991C-45E2D71DB66B} = {795F0FC6-C28B-4845-972F-10F16CD44639}
		{F6AA3AD2-9C2F-4724-91E6-F23A580E6679} = {795F0FC6-C28B-4845-972F-10F16CD44639}
		{A0761C96-BCF7-4A2B-A2E5-7FF9B70F13A5} = {795F0FC6-C28B-4845-972F-10F16CD44639}
		{A0F89E32-7BE0-4F5D-A521-E46BB37406B5} = {795F0FC6-C28B-4845-972F-10F16CD44639}
		{37DDA0FC-F842-4210-8973-1723A30BC6AD} = {795F0FC6-C28B-4845-972F-10F16CD44639}
		{8EDD74D1-0137-41E2-984A-6578BE04E688} = {795F0FC6-C28B-4845-972F-10F16CD44639}
		{795F0FC6-C28B-4845-972F-10F16CD44639} = {03B201B9-7BDF-489C-9862-95EF94E1049C}
		{F5CE6493-D090-4D9B-8BE3-137FDF7C7255} = {03B201B9-7BDF-489C-9862-95EF94E1049C}
		{E82608F5-9527-47B3-9816-84B6D9C551F6} = {F5CE6493-D090-4D9B-8BE3-137FDF7C7255}
		{C50DE615-3D7F-4424-BAA8-5FE2BF1478A3} = {F5CE6493-D090-4D9B-8BE3-137FDF7C7255}
		{591999E8-475A-451E-9344-C4D143B7A4DA} = {F5CE6493-D090-4D9B-8BE3-137FDF7C7255}
		{28BEFE42-6DBE-4642-9A68-92A639DD9F8F} = {F5CE6493-D090-4D9B-8BE3-137FDF7C7255}
		{02EA681E-C7D8-13C7-8484-4AC65E1B71E8} = {03B201B9-7BDF-489C-9862-95EF94E1049C}
		{02B724F4-4F46-43D9-A7FB-ECEB31A52352} = {02EA681E-C7D8-13C7-8484-4AC65E1B71E8}
		{2D4390EE-C7C2-426F-9860-D6882C08C8FE} = {02EA681E-C7D8-13C7-8484-4AC65E1B71E8}
		{F553C2E2-E49D-41EF-8C4A-DC9EB99F221B} = {02EA681E-C7D8-13C7-8484-4AC65E1B71E8}
		{034A60EC-2086-4309-9B64-D90AA764C694} = {02EA681E-C7D8-13C7-8484-4AC65E1B71E8}
		{2FF559B4-CAD3-4571-ABC4-91CBDC32619D} = {02EA681E-C7D8-13C7-8484-4AC65E1B71E8}
		{9D9B09A4-FB10-4615-AAD3-ABEFC86513E5} = {02EA681E-C7D8-13C7-8484-4AC65E1B71E8}
		{10AB4CDA-3E8E-4DC4-8879-9657E596F97C} = {02EA681E-C7D8-13C7-8484-4AC65E1B71E8}
	EndGlobalSection
	GlobalSection(ExtensibilityGlobals) = postSolution
		SolutionGuid = {6F434EF5-3BDA-4EAF-8870-902D28518BDB}
	EndGlobalSection
EndGlobal
